
Microsoft Visual Studio Solution File, Format Version 12.00
# Visual Studio Version 17
VisualStudioVersion = 17.4.33122.133
MinimumVisualStudioVersion = 10.0.40219.1
Project("{FAE04EC0-301F-11D3-BF4B-00C04F79EFBC}") = "PhoneShopASPnet", "PhoneShopASPnet.csproj", "{1FC67A4B-7DA5-4195-9267-783C4FF62B14}"
EndProject
Global
	GlobalSection(SolutionConfigurationPlatforms) = preSolution
		Debug|Any CPU = Debug|Any CPU
		Release|Any CPU = Release|Any CPU
	EndGlobalSection
	GlobalSection(ProjectConfigurationPlatforms) = postSolution
		{1FC67A4B-7DA5-4195-9267-783C4FF62B14}.Debug|Any CPU.ActiveCfg = Debug|Any CPU
		{1FC67A4B-7DA5-4195-9267-783C4FF62B14}.Debug|Any CPU.Build.0 = Debug|Any CPU
		{1FC67A4B-7DA5-4195-9267-783C4FF62B14}.Release|Any CPU.ActiveCfg = Release|Any CPU
		{1FC67A4B-7DA5-4195-9267-783C4FF62B14}.Release|Any CPU.Build.0 = Release|Any CPU
	EndGlobalSection
	GlobalSection(SolutionProperties) = preSolution
		HideSolutionNode = FALSE
	EndGlobalSection
	GlobalSection(ExtensibilityGlobals) = postSolution
		SolutionGuid = {7D9F9C19-089D-400A-A13F-DE3F9C5D0402}
	EndGlobalSection
EndGlobal
